
Microsoft Visual Studio Solution File, Format Version 12.00
# Visual Studio 15
VisualStudioVersion = 15.0.28307.136
MinimumVisualStudioVersion = 10.0.40219.1
Project("{FAE04EC0-301F-11D3-BF4B-00C04F79EFBC}") = "JustRainbowLights", "JustRainbowLights\JustRainbowLights.csproj", "{E11D2B94-9242-42A1-B677-5BE5EDD9A6D4}"
EndProject
Global
	GlobalSection(SolutionConfigurationPlatforms) = preSolution
		Debug|Any CPU = Debug|Any CPU
		Release|Any CPU = Release|Any CPU
	EndGlobalSection
	GlobalSection(ProjectConfigurationPlatforms) = postSolution
		{E11D2B94-9242-42A1-B677-5BE5EDD9A6D4}.Debug|Any CPU.ActiveCfg = Debug|Any CPU
		{E11D2B94-9242-42A1-B677-5BE5EDD9A6D4}.Debug|Any CPU.Build.0 = Debug|Any CPU
		{E11D2B94-9242-42A1-B677-5BE5EDD9A6D4}.Release|Any CPU.ActiveCfg = Release|Any CPU
		{E11D2B94-9242-42A1-B677-5BE5EDD9A6D4}.Release|Any CPU.Build.0 = Release|Any CPU
	EndGlobalSection
	GlobalSection(SolutionProperties) = preSolution
		HideSolutionNode = FALSE
	EndGlobalSection
	GlobalSection(ExtensibilityGlobals) = postSolution
		SolutionGuid = {2AC76AFC-9589-4E3D-BDF0-829761FF6E32}
	EndGlobalSection
EndGlobal
